
Microsoft Visual Studio Solution File, Format Version 11.00
# Visual Studio 2010
Project("{8BC9CEB8-8B4A-11D0-8D11-00A0C91BC942}") = "Spatiotemporal_Background_Extractor", "Spatiotemporal_Background_Extractor\Spatiotemporal_Background_Extractor.vcxproj", "{20629B1A-9514-46BF-80AE-B23EF4C71CC1}"
EndProject
Global
	GlobalSection(SolutionConfigurationPlatforms) = preSolution
		Debug|Win32 = Debug|Win32
		Release|Win32 = Release|Win32
	EndGlobalSection
	GlobalSection(ProjectConfigurationPlatforms) = postSolution
		{20629B1A-9514-46BF-80AE-B23EF4C71CC1}.Debug|Win32.ActiveCfg = Debug|Win32
		{20629B1A-9514-46BF-80AE-B23EF4C71CC1}.Debug|Win32.Build.0 = Debug|Win32
		{20629B1A-9514-46BF-80AE-B23EF4C71CC1}.Release|Win32.ActiveCfg = Release|Win32
		{20629B1A-9514-46BF-80AE-B23EF4C71CC1}.Release|Win32.Build.0 = Release|Win32
	EndGlobalSection
	GlobalSection(SolutionProperties) = preSolution
		HideSolutionNode = FALSE
	EndGlobalSection
EndGlobal
